// !$*UTF8*$!
{
	archiveVersion = 1;
	classes = {
	};
	objectVersion = 55;
	objects = {

/* Begin PBXBuildFile section */
		C75841D94F60E47112F42678 /* libPods-计算器.a in Frameworks */ = {isa = PBXBuildFile; fileRef = 378AF7BECA0FC1931FDFFF91 /* libPods-计算器.a */; };
		CC7BD5C72701FC3B00720F7C /* AppDelegate.m in Sources */ = {isa = PBXBuildFile; fileRef = CC7BD5C62701FC3B00720F7C /* AppDelegate.m */; };
		CC7BD5CA2701FC3B00720F7C /* SceneDelegate.m in Sources */ = {isa = PBXBuildFile; fileRef = CC7BD5C92701FC3B00720F7C /* SceneDelegate.m */; };
		CC7BD5CD2701FC3B00720F7C /* ViewController.m in Sources */ = {isa = PBXBuildFile; fileRef = CC7BD5CC2701FC3B00720F7C /* ViewController.m */; };
		CC7BD5D02701FC3B00720F7C /* Main.storyboard in Resources */ = {isa = PBXBuildFile; fileRef = CC7BD5CE2701FC3B00720F7C /* Main.storyboard */; };
		CC7BD5D22701FC3E00720F7C /* Assets.xcassets in Resources */ = {isa = PBXBuildFile; fileRef = CC7BD5D12701FC3E00720F7C /* Assets.xcassets */; };
		CC7BD5D52701FC3E00720F7C /* LaunchScreen.storyboard in Resources */ = {isa = PBXBuildFile; fileRef = CC7BD5D32701FC3E00720F7C /* LaunchScreen.storyboard */; };
		CC7BD5D82701FC3E00720F7C /* main.m in Sources */ = {isa = PBXBuildFile; fileRef = CC7BD5D72701FC3E00720F7C /* main.m */; };
		CC7BD5E22701FC3E00720F7C /* ___Tests.m in Sources */ = {isa = PBXBuildFile; fileRef = CC7BD5E12701FC3E00720F7C /* ___Tests.m */; };
		CC7BD5EC2701FC3E00720F7C /* ___UITests.m in Sources */ = {isa = PBXBuildFile; fileRef = CC7BD5EB2701FC3E00720F7C /* ___UITests.m */; };
		CC7BD5EE2701FC3E00720F7C /* ___UITestsLaunchTests.m in Sources */ = {isa = PBXBuildFile; fileRef = CC7BD5ED2701FC3E00720F7C /* ___UITestsLaunchTests.m */; };
		CC7BD6022702022200720F7C /* MModel.m in Sources */ = {isa = PBXBuildFile; fileRef = CC7BD6012702022200720F7C /* MModel.m */; };
		CC7BD6052702084400720F7C /* VView.m in Sources */ = {isa = PBXBuildFile; fileRef = CC7BD6042702084400720F7C /* VView.m */; };
/* End PBXBuildFile section */

/* Begin PBXContainerItemProxy section */
		CC7BD5DE2701FC3E00720F7C /* PBXContainerItemProxy */ = {
			isa = PBXContainerItemProxy;
			containerPortal = CC7BD5BA2701FC3B00720F7C /* Project object */;
			proxyType = 1;
			remoteGlobalIDString = CC7BD5C12701FC3B00720F7C;
			remoteInfo = "计算器";
		};
		CC7BD5E82701FC3E00720F7C /* PBXContainerItemProxy */ = {
			isa = PBXContainerItemProxy;
			containerPortal = CC7BD5BA2701FC3B00720F7C /* Project object */;
			proxyType = 1;
			remoteGlobalIDString = CC7BD5C12701FC3B00720F7C;
			remoteInfo = "计算器";
		};
/* End PBXContainerItemProxy section */

/* Begin PBXFileReference section */
		23FFCDD28B7AB7E1A7EB29C1 /* Pods-计算器.debug.xcconfig */ = {isa = PBXFileReference; includeInIndex = 1; lastKnownFileType = text.xcconfig; name = "Pods-计算器.debug.xcconfig"; path = "Target Support Files/Pods-计算器/Pods-计算器.debug.xcconfig"; sourceTree = "<group>"; };
		378AF7BECA0FC1931FDFFF91 /* libPods-计算器.a */ = {isa = PBXFileReference; explicitFileType = archive.ar; includeInIndex = 0; path = "libPods-计算器.a"; sourceTree = BUILT_PRODUCTS_DIR; };
		6390E1CFA6369F510517EE15 /* Pods-计算器.release.xcconfig */ = {isa = PBXFileReference; includeInIndex = 1; lastKnownFileType = text.xcconfig; name = "Pods-计算器.release.xcconfig"; path = "Target Support Files/Pods-计算器/Pods-计算器.release.xcconfig"; sourceTree = "<group>"; };
		CC7BD5C22701FC3B00720F7C /* 计算器.app */ = {isa = PBXFileReference; explicitFileType = wrapper.application; includeInIndex = 0; path = "计算器.app"; sourceTree = BUILT_PRODUCTS_DIR; };
		CC7BD5C52701FC3B00720F7C /* AppDelegate.h */ = {isa = PBXFileReference; lastKnownFileType = sourcecode.c.h; path = AppDelegate.h; sourceTree = "<group>"; };
		CC7BD5C62701FC3B00720F7C /* AppDelegate.m */ = {isa = PBXFileReference; lastKnownFileType = sourcecode.c.objc; path = AppDelegate.m; sourceTree = "<group>"; };
		CC7BD5C82701FC3B00720F7C /* SceneDelegate.h */ = {isa = PBXFileReference; lastKnownFileType = sourcecode.c.h; path = SceneDelegate.h; sourceTree = "<group>"; };
		CC7BD5C92701FC3B00720F7C /* SceneDelegate.m */ = {isa = PBXFileReference; lastKnownFileType = sourcecode.c.objc; path = SceneDelegate.m; sourceTree = "<group>"; };
		CC7BD5CB2701FC3B00720F7C /* ViewController.h */ = {isa = PBXFileReference; lastKnownFileType = sourcecode.c.h; path = ViewController.h; sourceTree = "<group>"; };
		CC7BD5CC2701FC3B00720F7C /* ViewController.m */ = {isa = PBXFileReference; lastKnownFileType = sourcecode.c.objc; path = ViewController.m; sourceTree = "<group>"; };
		CC7BD5CF2701FC3B00720F7C /* Base */ = {isa = PBXFileReference; lastKnownFileType = file.storyboard; name = Base; path = Base.lproj/Main.storyboard; sourceTree = "<group>"; };
		CC7BD5D12701FC3E00720F7C /* Assets.xcassets */ = {isa = PBXFileReference; lastKnownFileType = folder.assetcatalog; path = Assets.xcassets; sourceTree = "<group>"; };
		CC7BD5D42701FC3E00720F7C /* Base */ = {isa = PBXFileReference; lastKnownFileType = file.storyboard; name = Base; path = Base.lproj/LaunchScreen.storyboard; sourceTree = "<group>"; };
		CC7BD5D62701FC3E00720F7C /* Info.plist */ = {isa = PBXFileReference; lastKnownFileType = text.plist.xml; path = Info.plist; sourceTree = "<group>"; };
		CC7BD5D72701FC3E00720F7C /* main.m */ = {isa = PBXFileReference; lastKnownFileType = sourcecode.c.objc; path = main.m; sourceTree = "<group>"; };
		CC7BD5DD2701FC3E00720F7C /* 计算器Tests.xctest */ = {isa = PBXFileReference; explicitFileType = wrapper.cfbundle; includeInIndex = 0; path = "计算器Tests.xctest"; sourceTree = BUILT_PRODUCTS_DIR; };
		CC7BD5E12701FC3E00720F7C /* ___Tests.m */ = {isa = PBXFileReference; lastKnownFileType = sourcecode.c.objc; path = "___Tests.m"; sourceTree = "<group>"; };
		CC7BD5E72701FC3E00720F7C /* 计算器UITests.xctest */ = {isa = PBXFileReference; explicitFileType = wrapper.cfbundle; includeInIndex = 0; path = "计算器UITests.xctest"; sourceTree = BUILT_PRODUCTS_DIR; };
		CC7BD5EB2701FC3E00720F7C /* ___UITests.m */ = {isa = PBXFileReference; lastKnownFileType = sourcecode.c.objc; path = "___UITests.m"; sourceTree = "<group>"; };
		CC7BD5ED2701FC3E00720F7C /* ___UITestsLaunchTests.m */ = {isa = PBXFileReference; lastKnownFileType = sourcecode.c.objc; path = "___UITestsLaunchTests.m"; sourceTree = "<group>"; };
		CC7BD6002702022200720F7C /* MModel.h */ = {isa = PBXFileReference; lastKnownFileType = sourcecode.c.h; path = MModel.h; sourceTree = "<group>"; };
		CC7BD6012702022200720F7C /* MModel.m */ = {isa = PBXFileReference; lastKnownFileType = sourcecode.c.objc; path = MModel.m; sourceTree = "<group>"; };
		CC7BD6032702084400720F7C /* VView.h */ = {isa = PBXFileReference; lastKnownFileType = sourcecode.c.h; path = VView.h; sourceTree = "<group>"; };
		CC7BD6042702084400720F7C /* VView.m */ = {isa = PBXFileReference; lastKnownFileType = sourcecode.c.objc; path = VView.m; sourceTree = "<group>"; };
/* End PBXFileReference section */

/* Begin PBXFrameworksBuildPhase section */
		CC7BD5BF2701FC3B00720F7C /* Frameworks */ = {
			isa = PBXFrameworksBuildPhase;
			buildActionMask = 2147483647;
			files = (
				C75841D94F60E47112F42678 /* libPods-计算器.a in Frameworks */,
			);
			runOnlyForDeploymentPostprocessing = 0;
		};
		CC7BD5DA2701FC3E00720F7C /* Frameworks */ = {
			isa = PBXFrameworksBuildPhase;
			buildActionMask = 2147483647;
			files = (
			);
			runOnlyForDeploymentPostprocessing = 0;
		};
		CC7BD5E42701FC3E00720F7C /* Frameworks */ = {
			isa = PBXFrameworksBuildPhase;
			buildActionMask = 2147483647;
			files = (
			);
			runOnlyForDeploymentPostprocessing = 0;
		};
/* End PBXFrameworksBuildPhase section */

/* Begin PBXGroup section */
		3ED2A2777C3C0D8727CC3887 /* Pods */ = {
			isa = PBXGroup;
			children = (
				23FFCDD28B7AB7E1A7EB29C1 /* Pods-计算器.debug.xcconfig */,
				6390E1CFA6369F510517EE15 /* Pods-计算器.release.xcconfig */,
			);
			path = Pods;
			sourceTree = "<group>";
		};
		C2B359DAE96BBAA2C8D19781 /* Frameworks */ = {
			isa = PBXGroup;
			children = (
				378AF7BECA0FC1931FDFFF91 /* libPods-计算器.a */,
			);
			name = Frameworks;
			sourceTree = "<group>";
		};
		CC7BD5B92701FC3B00720F7C = {
			isa = PBXGroup;
			children = (
				CC7BD5C42701FC3B00720F7C /* 计算器 */,
				CC7BD5E02701FC3E00720F7C /* 计算器Tests */,
				CC7BD5EA2701FC3E00720F7C /* 计算器UITests */,
				CC7BD5C32701FC3B00720F7C /* Products */,
				3ED2A2777C3C0D8727CC3887 /* Pods */,
				C2B359DAE96BBAA2C8D19781 /* Frameworks */,
			);
			sourceTree = "<group>";
		};
		CC7BD5C32701FC3B00720F7C /* Products */ = {
			isa = PBXGroup;
			children = (
				CC7BD5C22701FC3B00720F7C /* 计算器.app */,
				CC7BD5DD2701FC3E00720F7C /* 计算器Tests.xctest */,
				CC7BD5E72701FC3E00720F7C /* 计算器UITests.xctest */,
			);
			name = Products;
			sourceTree = "<group>";
		};
		CC7BD5C42701FC3B00720F7C /* 计算器 */ = {
			isa = PBXGroup;
			children = (
				CC7BD5C52701FC3B00720F7C /* AppDelegate.h */,
				CC7BD5C62701FC3B00720F7C /* AppDelegate.m */,
				CC7BD5C82701FC3B00720F7C /* SceneDelegate.h */,
				CC7BD5C92701FC3B00720F7C /* SceneDelegate.m */,
				CC7BD5FA2702001E00720F7C /* Controller */,
				CC7BD5FB2702005000720F7C /* Model */,
				CC7BD5FC2702006100720F7C /* View */,
				CC7BD5CE2701FC3B00720F7C /* Main.storyboard */,
				CC7BD5D12701FC3E00720F7C /* Assets.xcassets */,
				CC7BD5D32701FC3E00720F7C /* LaunchScreen.storyboard */,
				CC7BD5D62701FC3E00720F7C /* Info.plist */,
				CC7BD5D72701FC3E00720F7C /* main.m */,
			);
			path = "计算器";
			sourceTree = "<group>";
		};
		CC7BD5E02701FC3E00720F7C /* 计算器Tests */ = {
			isa = PBXGroup;
			children = (
				CC7BD5E12701FC3E00720F7C /* ___Tests.m */,
			);
			path = "计算器Tests";
			sourceTree = "<group>";
		};
		CC7BD5EA2701FC3E00720F7C /* 计算器UITests */ = {
			isa = PBXGroup;
			children = (
				CC7BD5EB2701FC3E00720F7C /* ___UITests.m */,
				CC7BD5ED2701FC3E00720F7C /* ___UITestsLaunchTests.m */,
			);
			path = "计算器UITests";
			sourceTree = "<group>";
		};
		CC7BD5FA2702001E00720F7C /* Controller */ = {
			isa = PBXGroup;
			children = (
				CC7BD5CB2701FC3B00720F7C /* ViewController.h */,
				CC7BD5CC2701FC3B00720F7C /* ViewController.m */,
			);
			path = Controller;
			sourceTree = "<group>";
		};
		CC7BD5FB2702005000720F7C /* Model */ = {
			isa = PBXGroup;
			children = (
				CC7BD6002702022200720F7C /* MModel.h */,
				CC7BD6012702022200720F7C /* MModel.m */,
			);
			path = Model;
			sourceTree = "<group>";
		};
		CC7BD5FC2702006100720F7C /* View */ = {
			isa = PBXGroup;
			children = (
				CC7BD6032702084400720F7C /* VView.h */,
				CC7BD6042702084400720F7C /* VView.m */,
			);
			path = View;
			sourceTree = "<group>";
		};
/* End PBXGroup section */

/* Begin PBXNativeTarget section */
		CC7BD5C12701FC3B00720F7C /* 计算器 */ = {
			isa = PBXNativeTarget;
			buildConfigurationList = CC7BD5F12701FC3E00720F7C /* Build configuration list for PBXNativeTarget "计算器" */;
			buildPhases = (
				FCAB39624232DC6A5025CA9F /* [CP] Check Pods Manifest.lock */,
				CC7BD5BE2701FC3B00720F7C /* Sources */,
				CC7BD5BF2701FC3B00720F7C /* Frameworks */,
				CC7BD5C02701FC3B00720F7C /* Resources */,
			);
			buildRules = (
			);
			dependencies = (
			);
			name = "计算器";
			productName = "计算器";
			productReference = CC7BD5C22701FC3B00720F7C /* 计算器.app */;
			productType = "com.apple.product-type.application";
		};
		CC7BD5DC2701FC3E00720F7C /* 计算器Tests */ = {
			isa = PBXNativeTarget;
			buildConfigurationList = CC7BD5F42701FC3E00720F7C /* Build configuration list for PBXNativeTarget "计算器Tests" */;
			buildPhases = (
				CC7BD5D92701FC3E00720F7C /* Sources */,
				CC7BD5DA2701FC3E00720F7C /* Frameworks */,
				CC7BD5DB2701FC3E00720F7C /* Resources */,
			);
			buildRules = (
			);
			dependencies = (
				CC7BD5DF2701FC3E00720F7C /* PBXTargetDependency */,
			);
			name = "计算器Tests";
			productName = "计算器Tests";
			productReference = CC7BD5DD2701FC3E00720F7C /* 计算器Tests.xctest */;
			productType = "com.apple.product-type.bundle.unit-test";
		};
		CC7BD5E62701FC3E00720F7C /* 计算器UITests */ = {
			isa = PBXNativeTarget;
			buildConfigurationList = CC7BD5F72701FC3E00720F7C /* Build configuration list for PBXNativeTarget "计算器UITests" */;
			buildPhases = (
				CC7BD5E32701FC3E00720F7C /* Sources */,
				CC7BD5E42701FC3E00720F7C /* Frameworks */,
				CC7BD5E52701FC3E00720F7C /* Resources */,
			);
			buildRules = (
			);
			dependencies = (
				CC7BD5E92701FC3E00720F7C /* PBXTargetDependency */,
			);
			name = "计算器UITests";
			productName = "计算器UITests";
			productReference = CC7BD5E72701FC3E00720F7C /* 计算器UITests.xctest */;
			productType = "com.apple.product-type.bundle.ui-testing";
		};
/* End PBXNativeTarget section */

/* Begin PBXProject section */
		CC7BD5BA2701FC3B00720F7C /* Project object */ = {
			isa = PBXProject;
			attributes = {
				BuildIndependentTargetsInParallel = 1;
				LastUpgradeCheck = 1300;
				TargetAttributes = {
					CC7BD5C12701FC3B00720F7C = {
						CreatedOnToolsVersion = 13.0;
					};
					CC7BD5DC2701FC3E00720F7C = {
						CreatedOnToolsVersion = 13.0;
						TestTargetID = CC7BD5C12701FC3B00720F7C;
					};
					CC7BD5E62701FC3E00720F7C = {
						CreatedOnToolsVersion = 13.0;
						TestTargetID = CC7BD5C12701FC3B00720F7C;
					};
				};
			};
			buildConfigurationList = CC7BD5BD2701FC3B00720F7C /* Build configuration list for PBXProject "计算器" */;
			compatibilityVersion = "Xcode 13.0";
			developmentRegion = en;
			hasScannedForEncodings = 0;
			knownRegions = (
				en,
				Base,
			);
			mainGroup = CC7BD5B92701FC3B00720F7C;
			productRefGroup = CC7BD5C32701FC3B00720F7C /* Products */;
			projectDirPath = "";
			projectRoot = "";
			targets = (
				CC7BD5C12701FC3B00720F7C /* 计算器 */,
				CC7BD5DC2701FC3E00720F7C /* 计算器Tests */,
				CC7BD5E62701FC3E00720F7C /* 计算器UITests */,
			);
		};
/* End PBXProject section */

/* Begin PBXResourcesBuildPhase section */
		CC7BD5C02701FC3B00720F7C /* Resources */ = {
			isa = PBXResourcesBuildPhase;
			buildActionMask = 2147483647;
			files = (
				CC7BD5D52701FC3E00720F7C /* LaunchScreen.storyboard in Resources */,
				CC7BD5D22701FC3E00720F7C /* Assets.xcassets in Resources */,
				CC7BD5D02701FC3B00720F7C /* Main.storyboard in Resources */,
			);
			runOnlyForDeploymentPostprocessing = 0;
		};
		CC7BD5DB2701FC3E00720F7C /* Resources */ = {
			isa = PBXResourcesBuildPhase;
			buildActionMask = 2147483647;
			files = (
			);
			runOnlyForDeploymentPostprocessing = 0;
		};
		CC7BD5E52701FC3E00720F7C /* Resources */ = {
			isa = PBXResourcesBuildPhase;
			buildActionMask = 2147483647;
			files = (
			);
			runOnlyForDeploymentPostprocessing = 0;
		};
/* End PBXResourcesBuildPhase section */

/* Begin PBXShellScriptBuildPhase section */
		FCAB39624232DC6A5025CA9F /* [CP] Check Pods Manifest.lock */ = {
			isa = PBXShellScriptBuildPhase;
			buildActionMask = 2147483647;
			files = (
			);
			inputFileListPaths = (
			);
			inputPaths = (
				"${PODS_PODFILE_DIR_PATH}/Podfile.lock",
				"${PODS_ROOT}/Manifest.lock",
			);
			name = "[CP] Check Pods Manifest.lock";
			outputFileListPaths = (
			);
			outputPaths = (
				"$(DERIVED_FILE_DIR)/Pods-计算器-checkManifestLockResult.txt",
			);
			runOnlyForDeploymentPostprocessing = 0;
			shellPath = /bin/sh;
			shellScript = "diff \"${PODS_PODFILE_DIR_PATH}/Podfile.lock\" \"${PODS_ROOT}/Manifest.lock\" > /dev/null\nif [ $? != 0 ] ; then\n    # print error to STDERR\n    echo \"error: The sandbox is not in sync with the Podfile.lock. Run 'pod install' or update your CocoaPods installation.\" >&2\n    exit 1\nfi\n# This output is used by Xcode 'outputs' to avoid re-running this script phase.\necho \"SUCCESS\" > \"${SCRIPT_OUTPUT_FILE_0}\"\n";
			showEnvVarsInLog = 0;
		};
/* End PBXShellScriptBuildPhase section */

/* Begin PBXSourcesBuildPhase section */
		CC7BD5BE2701FC3B00720F7C /* Sources */ = {
			isa = PBXSourcesBuildPhase;
			buildActionMask = 2147483647;
			files = (
				CC7BD5CD2701FC3B00720F7C /* ViewController.m in Sources */,
				CC7BD6022702022200720F7C /* MModel.m in Sources */,
				CC7BD5C72701FC3B00720F7C /* AppDelegate.m in Sources */,
				CC7BD6052702084400720F7C /* VView.m in Sources */,
				CC7BD5D82701FC3E00720F7C /* main.m in Sources */,
				CC7BD5CA2701FC3B00720F7C /* SceneDelegate.m in Sources */,
			);
			runOnlyForDeploymentPostprocessing = 0;
		};
		CC7BD5D92701FC3E00720F7C /* Sources */ = {
			isa = PBXSourcesBuildPhase;
			buildActionMask = 2147483647;
			files = (
				CC7BD5E22701FC3E00720F7C /* ___Tests.m in Sources */,
			);
			runOnlyForDeploymentPostprocessing = 0;
		};
		CC7BD5E32701FC3E00720F7C /* Sources */ = {
			isa = PBXSourcesBuildPhase;
			buildActionMask = 2147483647;
			files = (
				CC7BD5EE2701FC3E00720F7C /* ___UITestsLaunchTests.m in Sources */,
				CC7BD5EC2701FC3E00720F7C /* ___UITests.m in Sources */,
			);
			runOnlyForDeploymentPostprocessing = 0;
		};
/* End PBXSourcesBuildPhase section */

/* Begin PBXTargetDependency section */
		CC7BD5DF2701FC3E00720F7C /* PBXTargetDependency */ = {
			isa = PBXTargetDependency;
			target = CC7BD5C12701FC3B00720F7C /* 计算器 */;
			targetProxy = CC7BD5DE2701FC3E00720F7C /* PBXContainerItemProxy */;
		};
		CC7BD5E92701FC3E00720F7C /* PBXTargetDependency */ = {
			isa = PBXTargetDependency;
			target = CC7BD5C12701FC3B00720F7C /* 计算器 */;
			targetProxy = CC7BD5E82701FC3E00720F7C /* PBXContainerItemProxy */;
		};
/* End PBXTargetDependency section */

/* Begin PBXVariantGroup section */
		CC7BD5CE2701FC3B00720F7C /* Main.storyboard */ = {
			isa = PBXVariantGroup;
			children = (
				CC7BD5CF2701FC3B00720F7C /* Base */,
			);
			name = Main.storyboard;
			sourceTree = "<group>";
		};
		CC7BD5D32701FC3E00720F7C /* LaunchScreen.storyboard */ = {
			isa = PBXVariantGroup;
			children = (
				CC7BD5D42701FC3E00720F7C /* Base */,
			);
			name = LaunchScreen.storyboard;
			sourceTree = "<group>";
		};
/* End PBXVariantGroup section */

/* Begin XCBuildConfiguration section */
		CC7BD5EF2701FC3E00720F7C /* Debug */ = {
			isa = XCBuildConfiguration;
			buildSettings = {
				ALWAYS_SEARCH_USER_PATHS = NO;
				CLANG_ANALYZER_NONNULL = YES;
				CLANG_ANALYZER_NUMBER_OBJECT_CONVERSION = YES_AGGRESSIVE;
				CLANG_CXX_LANGUAGE_STANDARD = "gnu++17";
				CLANG_CXX_LIBRARY = "libc++";
				CLANG_ENABLE_MODULES = YES;
				CLANG_ENABLE_OBJC_ARC = YES;
				CLANG_ENABLE_OBJC_WEAK = YES;
				CLANG_WARN_BLOCK_CAPTURE_AUTORELEASING = YES;
				CLANG_WARN_BOOL_CONVERSION = YES;
				CLANG_WARN_COMMA = YES;
				CLANG_WARN_CONSTANT_CONVERSION = YES;
				CLANG_WARN_DEPRECATED_OBJC_IMPLEMENTATIONS = YES;
				CLANG_WARN_DIRECT_OBJC_ISA_USAGE = YES_ERROR;
				CLANG_WARN_DOCUMENTATION_COMMENTS = YES;
				CLANG_WARN_EMPTY_BODY = YES;
				CLANG_WARN_ENUM_CONVERSION = YES;
				CLANG_WARN_INFINITE_RECURSION = YES;
				CLANG_WARN_INT_CONVERSION = YES;
				CLANG_WARN_NON_LITERAL_NULL_CONVERSION = YES;
				CLANG_WARN_OBJC_IMPLICIT_RETAIN_SELF = YES;
				CLANG_WARN_OBJC_LITERAL_CONVERSION = YES;
				CLANG_WARN_OBJC_ROOT_CLASS = YES_ERROR;
				CLANG_WARN_QUOTED_INCLUDE_IN_FRAMEWORK_HEADER = YES;
				CLANG_WARN_RANGE_LOOP_ANALYSIS = YES;
				CLANG_WARN_STRICT_PROTOTYPES = YES;
				CLANG_WARN_SUSPICIOUS_MOVE = YES;
				CLANG_WARN_UNGUARDED_AVAILABILITY = YES_AGGRESSIVE;
				CLANG_WARN_UNREACHABLE_CODE = YES;
				CLANG_WARN__DUPLICATE_METHOD_MATCH = YES;
				COPY_PHASE_STRIP = NO;
				DEBUG_INFORMATION_FORMAT = dwarf;
				ENABLE_STRICT_OBJC_MSGSEND = YES;
				ENABLE_TESTABILITY = YES;
				GCC_C_LANGUAGE_STANDARD = gnu11;
				GCC_DYNAMIC_NO_PIC = NO;
				GCC_NO_COMMON_BLOCKS = YES;
				GCC_OPTIMIZATION_LEVEL = 0;
				GCC_PREPROCESSOR_DEFINITIONS = (
					"DEBUG=1",
					"$(inherited)",
				);
				GCC_WARN_64_TO_32_BIT_CONVERSION = YES;
				GCC_WARN_ABOUT_RETURN_TYPE = YES_ERROR;
				GCC_WARN_UNDECLARED_SELECTOR = YES;
				GCC_WARN_UNINITIALIZED_AUTOS = YES_AGGRESSIVE;
				GCC_WARN_UNUSED_FUNCTION = YES;
				GCC_WARN_UNUSED_VARIABLE = YES;
				IPHONEOS_DEPLOYMENT_TARGET = 15.0;
				MTL_ENABLE_DEBUG_INFO = INCLUDE_SOURCE;
				MTL_FAST_MATH = YES;
				ONLY_ACTIVE_ARCH = YES;
				SDKROOT = iphoneos;
			};
			name = Debug;
		};
		CC7BD5F02701FC3E00720F7C /* Release */ = {
			isa = XCBuildConfiguration;
			buildSettings = {
				ALWAYS_SEARCH_USER_PATHS = NO;
				CLANG_ANALYZER_NONNULL = YES;
				CLANG_ANALYZER_NUMBER_OBJECT_CONVERSION = YES_AGGRESSIVE;
				CLANG_CXX_LANGUAGE_STANDARD = "gnu++17";
				CLANG_CXX_LIBRARY = "libc++";
				CLANG_ENABLE_MODULES = YES;
				CLANG_ENABLE_OBJC_ARC = YES;
				CLANG_ENABLE_OBJC_WEAK = YES;
				CLANG_WARN_BLOCK_CAPTURE_AUTORELEASING = YES;
				CLANG_WARN_BOOL_CONVERSION = YES;
				CLANG_WARN_COMMA = YES;
				CLANG_WARN_CONSTANT_CONVERSION = YES;
				CLANG_WARN_DEPRECATED_OBJC_IMPLEMENTATIONS = YES;
				CLANG_WARN_DIRECT_OBJC_ISA_USAGE = YES_ERROR;
				CLANG_WARN_DOCUMENTATION_COMMENTS = YES;
				CLANG_WARN_EMPTY_BODY = YES;
				CLANG_WARN_ENUM_CONVERSION = YES;
				CLANG_WARN_INFINITE_RECURSION = YES;
				CLANG_WARN_INT_CONVERSION = YES;
				CLANG_WARN_NON_LITERAL_NULL_CONVERSION = YES;
				CLANG_WARN_OBJC_IMPLICIT_RETAIN_SELF = YES;
				CLANG_WARN_OBJC_LITERAL_CONVERSION = YES;
				CLANG_WARN_OBJC_ROOT_CLASS = YES_ERROR;
				CLANG_WARN_QUOTED_INCLUDE_IN_FRAMEWORK_HEADER = YES;
				CLANG_WARN_RANGE_LOOP_ANALYSIS = YES;
				CLANG_WARN_STRICT_PROTOTYPES = YES;
				CLANG_WARN_SUSPICIOUS_MOVE = YES;
				CLANG_WARN_UNGUARDED_AVAILABILITY = YES_AGGRESSIVE;
				CLANG_WARN_UNREACHABLE_CODE = YES;
				CLANG_WARN__DUPLICATE_METHOD_MATCH = YES;
				COPY_PHASE_STRIP = NO;
				DEBUG_INFORMATION_FORMAT = "dwarf-with-dsym";
				ENABLE_NS_ASSERTIONS = NO;
				ENABLE_STRICT_OBJC_MSGSEND = YES;
				GCC_C_LANGUAGE_STANDARD = gnu11;
				GCC_NO_COMMON_BLOCKS = YES;
				GCC_WARN_64_TO_32_BIT_CONVERSION = YES;
				GCC_WARN_ABOUT_RETURN_TYPE = YES_ERROR;
				GCC_WARN_UNDECLARED_SELECTOR = YES;
				GCC_WARN_UNINITIALIZED_AUTOS = YES_AGGRESSIVE;
				GCC_WARN_UNUSED_FUNCTION = YES;
				GCC_WARN_UNUSED_VARIABLE = YES;
				IPHONEOS_DEPLOYMENT_TARGET = 15.0;
				MTL_ENABLE_DEBUG_INFO = NO;
				MTL_FAST_MATH = YES;
				SDKROOT = iphoneos;
				VALIDATE_PRODUCT = YES;
			};
			name = Release;
		};
		CC7BD5F22701FC3E00720F7C /* Debug */ = {
			isa = XCBuildConfiguration;
			baseConfigurationReference = 23FFCDD28B7AB7E1A7EB29C1 /* Pods-计算器.debug.xcconfig */;
			buildSettings = {
				ASSETCATALOG_COMPILER_APPICON_NAME = AppIcon;
				ASSETCATALOG_COMPILER_GLOBAL_ACCENT_COLOR_NAME = AccentColor;
				CODE_SIGN_IDENTITY = "Apple Development";
				CODE_SIGN_STYLE = Automatic;
				CURRENT_PROJECT_VERSION = 1;
				DEVELOPMENT_TEAM = AZXU3DBFVN;
				GENERATE_INFOPLIST_FILE = YES;
				INFOPLIST_FILE = "计算器/Info.plist";
				INFOPLIST_KEY_UIApplicationSupportsIndirectInputEvents = YES;
				INFOPLIST_KEY_UILaunchStoryboardName = LaunchScreen;
				INFOPLIST_KEY_UIMainStoryboardFile = Main;
				INFOPLIST_KEY_UISupportedInterfaceOrientations_iPad = "UIInterfaceOrientationPortrait UIInterfaceOrientationPortraitUpsideDown UIInterfaceOrientationLandscapeLeft UIInterfaceOrientationLandscapeRight";
				INFOPLIST_KEY_UISupportedInterfaceOrientations_iPhone = "UIInterfaceOrientationPortrait UIInterfaceOrientationLandscapeLeft UIInterfaceOrientationLandscapeRight";
				LD_RUNPATH_SEARCH_PATHS = (
					"$(inherited)",
					"@executable_path/Frameworks",
				);
				MARKETING_VERSION = 1.0;
				PRODUCT_BUNDLE_IDENTIFIER = www;
				PRODUCT_NAME = "$(TARGET_NAME)";
				PROVISIONING_PROFILE_SPECIFIER = "";
				SWIFT_EMIT_LOC_STRINGS = YES;
				TARGETED_DEVICE_FAMILY = "1,2";
			};
			name = Debug;
		};
		CC7BD5F32701FC3E00720F7C /* Release */ = {
			isa = XCBuildConfiguration;
			baseConfigurationReference = 6390E1CFA6369F510517EE15 /* Pods-计算器.release.xcconfig */;
			buildSettings = {
				ASSETCATALOG_COMPILER_APPICON_NAME = AppIcon;
				ASSETCATALOG_COMPILER_GLOBAL_ACCENT_COLOR_NAME = AccentColor;
				CODE_SIGN_IDENTITY = "Apple Development";
				CODE_SIGN_STYLE = Automatic;
				CURRENT_PROJECT_VERSION = 1;
				DEVELOPMENT_TEAM = AZXU3DBFVN;
				GENERATE_INFOPLIST_FILE = YES;
				INFOPLIST_FILE = "计算器/Info.plist";
				INFOPLIST_KEY_UIApplicationSupportsIndirectInputEvents = YES;
				INFOPLIST_KEY_UILaunchStoryboardName = LaunchScreen;
				INFOPLIST_KEY_UIMainStoryboardFile = Main;
				INFOPLIST_KEY_UISupportedInterfaceOrientations_iPad = "UIInterfaceOrientationPortrait UIInterfaceOrientationPortraitUpsideDown UIInterfaceOrientationLandscapeLeft UIInterfaceOrientationLandscapeRight";
				INFOPLIST_KEY_UISupportedInterfaceOrientations_iPhone = "UIInterfaceOrientationPortrait UIInterfaceOrientationLandscapeLeft UIInterfaceOrientationLandscapeRight";
				LD_RUNPATH_SEARCH_PATHS = (
					"$(inherited)",
					"@executable_path/Frameworks",
				);
				MARKETING_VERSION = 1.0;
				PRODUCT_BUNDLE_IDENTIFIER = www;
				PRODUCT_NAME = "$(TARGET_NAME)";
				PROVISIONING_PROFILE_SPECIFIER = "";
				SWIFT_EMIT_LOC_STRINGS = YES;
				TARGETED_DEVICE_FAMILY = "1,2";
			};
			name = Release;
		};
		CC7BD5F52701FC3E00720F7C /* Debug */ = {
			isa = XCBuildConfiguration;
			buildSettings = {
				BUNDLE_LOADER = "$(TEST_HOST)";
				CODE_SIGN_STYLE = Automatic;
				CURRENT_PROJECT_VERSION = 1;
				DEVELOPMENT_TEAM = AZXU3DBFVN;
				GENERATE_INFOPLIST_FILE = YES;
				IPHONEOS_DEPLOYMENT_TARGET = 15.0;
				LD_RUNPATH_SEARCH_PATHS = (
					"$(inherited)",
					"@executable_path/Frameworks",
					"@loader_path/Frameworks",
				);
				MARKETING_VERSION = 1.0;
				PRODUCT_BUNDLE_IDENTIFIER = "w.---Tests";
				PRODUCT_NAME = "$(TARGET_NAME)";
				SWIFT_EMIT_LOC_STRINGS = NO;
				TARGETED_DEVICE_FAMILY = "1,2";
				TEST_HOST = "$(BUILT_PRODUCTS_DIR)/计算器.app/计算器";
			};
			name = Debug;
		};
		CC7BD5F62701FC3E00720F7C /* Release */ = {
			isa = XCBuildConfiguration;
			buildSettings = {
				BUNDLE_LOADER = "$(TEST_HOST)";
				CODE_SIGN_STYLE = Automatic;
				CURRENT_PROJECT_VERSION = 1;
				DEVELOPMENT_TEAM = AZXU3DBFVN;
				GENERATE_INFOPLIST_FILE = YES;
				IPHONEOS_DEPLOYMENT_TARGET = 15.0;
				LD_RUNPATH_SEARCH_PATHS = (
					"$(inherited)",
					"@executable_path/Frameworks",
					"@loader_path/Frameworks",
				);
				MARKETING_VERSION = 1.0;
				PRODUCT_BUNDLE_IDENTIFIER = "w.---Tests";
				PRODUCT_NAME = "$(TARGET_NAME)";
				SWIFT_EMIT_LOC_STRINGS = NO;
				TARGETED_DEVICE_FAMILY = "1,2";
				TEST_HOST = "$(BUILT_PRODUCTS_DIR)/计算器.app/计算器";
			};
			name = Release;
		};
		CC7BD5F82701FC3E00720F7C /* Debug */ = {
			isa = XCBuildConfiguration;
			buildSettings = {
				CODE_SIGN_STYLE = Automatic;
				CURRENT_PROJECT_VERSION = 1;
				GENERATE_INFOPLIST_FILE = YES;
				LD_RUNPATH_SEARCH_PATHS = (
					"$(inherited)",
					"@executable_path/Frameworks",
					"@loader_path/Frameworks",
				);
				MARKETING_VERSION = 1.0;
				PRODUCT_BUNDLE_IDENTIFIER = "w.---UITests";
				PRODUCT_NAME = "$(TARGET_NAME)";
				SWIFT_EMIT_LOC_STRINGS = NO;
				TARGETED_DEVICE_FAMILY = "1,2";
				TEST_TARGET_NAME = "计算器";
			};
			name = Debug;
		};
		CC7BD5F92701FC3E00720F7C /* Release */ = {
			isa = XCBuildConfiguration;
			buildSettings = {
				CODE_SIGN_STYLE = Automatic;
				CURRENT_PROJECT_VERSION = 1;
				GENERATE_INFOPLIST_FILE = YES;
				LD_RUNPATH_SEARCH_PATHS = (
					"$(inherited)",
					"@executable_path/Frameworks",
					"@loader_path/Frameworks",
				);
				MARKETING_VERSION = 1.0;
				PRODUCT_BUNDLE_IDENTIFIER = "w.---UITests";
				PRODUCT_NAME = "$(TARGET_NAME)";
				SWIFT_EMIT_LOC_STRINGS = NO;
				TARGETED_DEVICE_FAMILY = "1,2";
				TEST_TARGET_NAME = "计算器";
			};
			name = Release;
		};
/* End XCBuildConfiguration section */

/* Begin XCConfigurationList section */
		CC7BD5BD2701FC3B00720F7C /* Build configuration list for PBXProject "计算器" */ = {
			isa = XCConfigurationList;
			buildConfigurations = (
				CC7BD5EF2701FC3E00720F7C /* Debug */,
				CC7BD5F02701FC3E00720F7C /* Release */,
			);
			defaultConfigurationIsVisible = 0;
			defaultConfigurationName = Release;
		};
		CC7BD5F12701FC3E00720F7C /* Build configuration list for PBXNativeTarget "计算器" */ = {
			isa = XCConfigurationList;
			buildConfigurations = (
				CC7BD5F22701FC3E00720F7C /* Debug */,
				CC7BD5F32701FC3E00720F7C /* Release */,
			);
			defaultConfigurationIsVisible = 0;
			defaultConfigurationName = Release;
		};
		CC7BD5F42701FC3E00720F7C /* Build configuration list for PBXNativeTarget "计算器Tests" */ = {
			isa = XCConfigurationList;
			buildConfigurations = (
				CC7BD5F52701FC3E00720F7C /* Debug */,
				CC7BD5F62701FC3E00720F7C /* Release */,
			);
			defaultConfigurationIsVisible = 0;
			defaultConfigurationName = Release;
		};
		CC7BD5F72701FC3E00720F7C /* Build configuration list for PBXNativeTarget "计算器UITests" */ = {
			isa = XCConfigurationList;
			buildConfigurations = (
				CC7BD5F82701FC3E00720F7C /* Debug */,
				CC7BD5F92701FC3E00720F7C /* Release */,
			);
			defaultConfigurationIsVisible = 0;
			defaultConfigurationName = Release;
		};
/* End XCConfigurationList section */
	};
	rootObject = CC7BD5BA2701FC3B00720F7C /* Project object */;
}
